<?xml version="1.0" encoding="utf-8"?>
<Project ToolsVersion="4.0" xmlns="http://schemas.microsoft.com/developer/msbuild/2003">
  <ItemGroup>
    <Filter Include="Source Files">
      <UniqueIdentifier>{4FC737F1-C7A5-4376-A066-2A32D752A2FF}</UniqueIdentifier>
      <Extensions>cpp;c;cc;cxx;def;odl;idl;hpj;bat;asm;asmx</Extensions>
    </Filter>
    <Filter Include="Header Files">
      <UniqueIdentifier>{93995380-89BD-4b04-88EB-625FBE52EBFB}</UniqueIdentifier>
      <Extensions>h;hpp;hxx;hm;inl;inc;xsd</Extensions>
    </Filter>
    <Filter Include="Resource Files">
      <UniqueIdentifier>{67DA6AB6-F800-4c08-8B7A-83BB121AAD01}</UniqueIdentifier>
      <Extensions>rc;ico;cur;bmp;dlg;rc2;rct;bin;rgs;gif;jpg;jpeg;jpe;resx;tiff;tif;png;wav</Extensions>
    </Filter>
    <Filter Include="redisclient">
      <UniqueIdentifier>{e34cb89d-fe89-45e1-b3ed-3dbaef4bc93c}</UniqueIdentifier>
    </Filter>
  </ItemGroup>
  <ItemGroup>
    <ClCompile Include="connection.cpp">
      <Filter>Source Files</Filter>
    </ClCompile>
    <ClCompile Include="diysector.cpp">
      <Filter>Source Files</Filter>
    </ClCompile>
    <ClCompile Include="main.cpp">
      <Filter>Source Files</Filter>
    </ClCompile>
    <ClCompile Include="redisconn.cpp">
      <Filter>Source Files</Filter>
    </ClCompile>
    <ClCompile Include="server.cpp">
      <Filter>Source Files</Filter>
    </ClCompile>
    <ClCompile Include="worker.cpp">
      <Filter>Source Files</Filter>
    </ClCompile>
    <ClCompile Include="redisclient\impl\redisasyncclient.cpp">
      <Filter>redisclient</Filter>
    </ClCompile>
    <ClCompile Include="redisclient\impl\redisclientimpl.cpp">
      <Filter>redisclient</Filter>
    </ClCompile>
    <ClCompile Include="redisclient\impl\redisparser.cpp">
      <Filter>redisclient</Filter>
    </ClCompile>
    <ClCompile Include="redisclient\impl\redissyncclient.cpp">
      <Filter>redisclient</Filter>
    </ClCompile>
    <ClCompile Include="redisclient\impl\redisvalue.cpp">
      <Filter>redisclient</Filter>
    </ClCompile>
  </ItemGroup>
  <ItemGroup>
    <ClInclude Include="connection.hpp">
      <Filter>Header Files</Filter>
    </ClInclude>
    <ClInclude Include="diysector.h">
      <Filter>Header Files</Filter>
    </ClInclude>
    <ClInclude Include="msgpack.hpp">
      <Filter>Header Files</Filter>
    </ClInclude>
    <ClInclude Include="netpack.hpp">
      <Filter>Header Files</Filter>
    </ClInclude>
    <ClInclude Include="redisconn.h">
      <Filter>Header Files</Filter>
    </ClInclude>
    <ClInclude Include="server.hpp">
      <Filter>Header Files</Filter>
    </ClInclude>
    <ClInclude Include="singleton.hpp">
      <Filter>Header Files</Filter>
    </ClInclude>
    <ClInclude Include="worker.h">
      <Filter>Header Files</Filter>
    </ClInclude>
    <ClInclude Include="redisclient\impl\redisclientimpl.h">
      <Filter>redisclient</Filter>
    </ClInclude>
  </ItemGroup>
</Project>